
Microsoft Visual Studio Solution File, Format Version 12.00
# Visual Studio Version 17
VisualStudioVersion = 17.11.35208.52
MinimumVisualStudioVersion = 10.0.40219.1
Project("{FAE04EC0-301F-11D3-BF4B-00C04F79EFBC}") = "SchoolReg", "SchoolReg\SchoolReg.csproj", "{EB1CC7A3-6803-4FCF-969C-895F21F3E629}"
EndProject
Global
	GlobalSection(SolutionConfigurationPlatforms) = preSolution
		Debug|Any CPU = Debug|Any CPU
		Release|Any CPU = Release|Any CPU
	EndGlobalSection
	GlobalSection(ProjectConfigurationPlatforms) = postSolution
		{EB1CC7A3-6803-4FCF-969C-895F21F3E629}.Debug|Any CPU.ActiveCfg = Debug|Any CPU
		{EB1CC7A3-6803-4FCF-969C-895F21F3E629}.Debug|Any CPU.Build.0 = Debug|Any CPU
		{EB1CC7A3-6803-4FCF-969C-895F21F3E629}.Release|Any CPU.ActiveCfg = Release|Any CPU
		{EB1CC7A3-6803-4FCF-969C-895F21F3E629}.Release|Any CPU.Build.0 = Release|Any CPU
	EndGlobalSection
	GlobalSection(SolutionProperties) = preSolution
		HideSolutionNode = FALSE
	EndGlobalSection
	GlobalSection(ExtensibilityGlobals) = postSolution
		SolutionGuid = {AFB18EB6-D539-4150-88D8-FE2975B5D97F}
	EndGlobalSection
EndGlobal
